
Microsoft Visual Studio Solution File, Format Version 12.00
# Visual Studio Version 16
VisualStudioVersion = 16.0.29503.13
MinimumVisualStudioVersion = 10.0.40219.1
Project("{9A19103F-16F7-4668-BE54-9A1E7A4F7556}") = "Structure", "Structure\Structure.csproj", "{957D792D-F9BA-4A9B-BE21-1B75DC2E34AD}"
EndProject
Project("{FAE04EC0-301F-11D3-BF4B-00C04F79EFBC}") = "ConsoleDeTest", "Console\ConsoleDeTest.csproj", "{B1791D1A-ADE6-4199-A210-2CF4AFFFAAC8}"
EndProject
Project("{FAE04EC0-301F-11D3-BF4B-00C04F79EFBC}") = "MinieZone.Tests", "MinieZone.Tests\MinieZone.Tests.csproj", "{045F055A-66E0-4668-84F5-B0ECE6ED475A}"
EndProject
Global
	GlobalSection(SolutionConfigurationPlatforms) = preSolution
		Debug|Any CPU = Debug|Any CPU
		Release|Any CPU = Release|Any CPU
	EndGlobalSection
	GlobalSection(ProjectConfigurationPlatforms) = postSolution
		{957D792D-F9BA-4A9B-BE21-1B75DC2E34AD}.Debug|Any CPU.ActiveCfg = Debug|Any CPU
		{957D792D-F9BA-4A9B-BE21-1B75DC2E34AD}.Debug|Any CPU.Build.0 = Debug|Any CPU
		{957D792D-F9BA-4A9B-BE21-1B75DC2E34AD}.Release|Any CPU.ActiveCfg = Release|Any CPU
		{957D792D-F9BA-4A9B-BE21-1B75DC2E34AD}.Release|Any CPU.Build.0 = Release|Any CPU
		{B1791D1A-ADE6-4199-A210-2CF4AFFFAAC8}.Debug|Any CPU.ActiveCfg = Debug|Any CPU
		{B1791D1A-ADE6-4199-A210-2CF4AFFFAAC8}.Debug|Any CPU.Build.0 = Debug|Any CPU
		{B1791D1A-ADE6-4199-A210-2CF4AFFFAAC8}.Release|Any CPU.ActiveCfg = Release|Any CPU
		{B1791D1A-ADE6-4199-A210-2CF4AFFFAAC8}.Release|Any CPU.Build.0 = Release|Any CPU
		{045F055A-66E0-4668-84F5-B0ECE6ED475A}.Debug|Any CPU.ActiveCfg = Debug|Any CPU
		{045F055A-66E0-4668-84F5-B0ECE6ED475A}.Debug|Any CPU.Build.0 = Debug|Any CPU
		{045F055A-66E0-4668-84F5-B0ECE6ED475A}.Release|Any CPU.ActiveCfg = Release|Any CPU
		{045F055A-66E0-4668-84F5-B0ECE6ED475A}.Release|Any CPU.Build.0 = Release|Any CPU
	EndGlobalSection
	GlobalSection(SolutionProperties) = preSolution
		HideSolutionNode = FALSE
	EndGlobalSection
	GlobalSection(ExtensibilityGlobals) = postSolution
		SolutionGuid = {67A6FB00-60F7-4E1A-BB6E-F432C9BC5C13}
	EndGlobalSection
EndGlobal
